# This file is autogenerated, do not edit; changes may be undone by the next 'dep ensure'.


[[projects]]
  branch = "master"
  digest = "1:891fcfe9d7db88459b4582a52fcba2f8a6da8065700902e09813ea01bd7d4c17"
  name = "github.com/djimenez/iconv-go"
  packages = ["."]
  pruneopts = "UT"
  revision = "8960e66bd3dacbc8773962b40eb82fc18c63c127"

[solve-meta]
  analyzer-name = "dep"
  analyzer-version = 1
  input-imports = ["github.com/djimenez/iconv-go"]
  solver-name = "gps-cdcl"
  solver-version = 1
